
Microsoft Visual Studio Solution File, Format Version 12.00
# Visual Studio 14
VisualStudioVersion = 14.0.25123.0
MinimumVisualStudioVersion = 10.0.40219.1
Project("{FAE04EC0-301F-11D3-BF4B-00C04F79EFBC}") = "GPSLocator.Droid", "GPSLocator\GPSLocator.Droid\GPSLocator.Droid.csproj", "{6A95D592-5206-4123-BCE3-09278F18B84E}"
EndProject
Project("{FAE04EC0-301F-11D3-BF4B-00C04F79EFBC}") = "GPSLocator.iOS", "GPSLocator\GPSLocator.iOS\GPSLocator.iOS.csproj", "{2723F1BA-37C0-4A3D-A5DC-8F9603D6F9BB}"
EndProject
Project("{FAE04EC0-301F-11D3-BF4B-00C04F79EFBC}") = "GPSLocator", "GPSLocator\GPSLocator\GPSLocator.csproj", "{75E66055-D1B4-482C-AABC-A35DE70DE16C}"
EndProject
Global
	GlobalSection(SolutionConfigurationPlatforms) = preSolution
		Debug|Any CPU = Debug|Any CPU
		Debug|iPhone = Debug|iPhone
		Debug|iPhoneSimulator = Debug|iPhoneSimulator
		Release|Any CPU = Release|Any CPU
		Release|iPhone = Release|iPhone
		Release|iPhoneSimulator = Release|iPhoneSimulator
	EndGlobalSection
	GlobalSection(ProjectConfigurationPlatforms) = postSolution
		{6A95D592-5206-4123-BCE3-09278F18B84E}.Debug|Any CPU.ActiveCfg = Debug|Any CPU
		{6A95D592-5206-4123-BCE3-09278F18B84E}.Debug|Any CPU.Build.0 = Debug|Any CPU
		{6A95D592-5206-4123-BCE3-09278F18B84E}.Debug|Any CPU.Deploy.0 = Debug|Any CPU
		{6A95D592-5206-4123-BCE3-09278F18B84E}.Debug|iPhone.ActiveCfg = Debug|Any CPU
		{6A95D592-5206-4123-BCE3-09278F18B84E}.Debug|iPhone.Build.0 = Debug|Any CPU
		{6A95D592-5206-4123-BCE3-09278F18B84E}.Debug|iPhone.Deploy.0 = Debug|Any CPU
		{6A95D592-5206-4123-BCE3-09278F18B84E}.Debug|iPhoneSimulator.ActiveCfg = Debug|Any CPU
		{6A95D592-5206-4123-BCE3-09278F18B84E}.Debug|iPhoneSimulator.Build.0 = Debug|Any CPU
		{6A95D592-5206-4123-BCE3-09278F18B84E}.Debug|iPhoneSimulator.Deploy.0 = Debug|Any CPU
		{6A95D592-5206-4123-BCE3-09278F18B84E}.Release|Any CPU.ActiveCfg = Release|Any CPU
		{6A95D592-5206-4123-BCE3-09278F18B84E}.Release|Any CPU.Build.0 = Release|Any CPU
		{6A95D592-5206-4123-BCE3-09278F18B84E}.Release|Any CPU.Deploy.0 = Release|Any CPU
		{6A95D592-5206-4123-BCE3-09278F18B84E}.Release|iPhone.ActiveCfg = Release|Any CPU
		{6A95D592-5206-4123-BCE3-09278F18B84E}.Release|iPhone.Build.0 = Release|Any CPU
		{6A95D592-5206-4123-BCE3-09278F18B84E}.Release|iPhone.Deploy.0 = Release|Any CPU
		{6A95D592-5206-4123-BCE3-09278F18B84E}.Release|iPhoneSimulator.ActiveCfg = Release|Any CPU
		{6A95D592-5206-4123-BCE3-09278F18B84E}.Release|iPhoneSimulator.Build.0 = Release|Any CPU
		{6A95D592-5206-4123-BCE3-09278F18B84E}.Release|iPhoneSimulator.Deploy.0 = Release|Any CPU
		{2723F1BA-37C0-4A3D-A5DC-8F9603D6F9BB}.Debug|Any CPU.ActiveCfg = Debug|iPhone
		{2723F1BA-37C0-4A3D-A5DC-8F9603D6F9BB}.Debug|iPhone.ActiveCfg = Debug|iPhone
		{2723F1BA-37C0-4A3D-A5DC-8F9603D6F9BB}.Debug|iPhone.Build.0 = Debug|iPhone
		{2723F1BA-37C0-4A3D-A5DC-8F9603D6F9BB}.Debug|iPhoneSimulator.ActiveCfg = Debug|iPhoneSimulator
		{2723F1BA-37C0-4A3D-A5DC-8F9603D6F9BB}.Debug|iPhoneSimulator.Build.0 = Debug|iPhoneSimulator
		{2723F1BA-37C0-4A3D-A5DC-8F9603D6F9BB}.Release|Any CPU.ActiveCfg = Release|iPhone
		{2723F1BA-37C0-4A3D-A5DC-8F9603D6F9BB}.Release|iPhone.ActiveCfg = Release|iPhone
		{2723F1BA-37C0-4A3D-A5DC-8F9603D6F9BB}.Release|iPhone.Build.0 = Release|iPhone
		{2723F1BA-37C0-4A3D-A5DC-8F9603D6F9BB}.Release|iPhoneSimulator.ActiveCfg = Release|iPhoneSimulator
		{2723F1BA-37C0-4A3D-A5DC-8F9603D6F9BB}.Release|iPhoneSimulator.Build.0 = Release|iPhoneSimulator
		{75E66055-D1B4-482C-AABC-A35DE70DE16C}.Debug|Any CPU.ActiveCfg = Debug|Any CPU
		{75E66055-D1B4-482C-AABC-A35DE70DE16C}.Debug|Any CPU.Build.0 = Debug|Any CPU
		{75E66055-D1B4-482C-AABC-A35DE70DE16C}.Debug|iPhone.ActiveCfg = Debug|Any CPU
		{75E66055-D1B4-482C-AABC-A35DE70DE16C}.Debug|iPhone.Build.0 = Debug|Any CPU
		{75E66055-D1B4-482C-AABC-A35DE70DE16C}.Debug|iPhoneSimulator.ActiveCfg = Debug|Any CPU
		{75E66055-D1B4-482C-AABC-A35DE70DE16C}.Debug|iPhoneSimulator.Build.0 = Debug|Any CPU
		{75E66055-D1B4-482C-AABC-A35DE70DE16C}.Release|Any CPU.ActiveCfg = Release|Any CPU
		{75E66055-D1B4-482C-AABC-A35DE70DE16C}.Release|Any CPU.Build.0 = Release|Any CPU
		{75E66055-D1B4-482C-AABC-A35DE70DE16C}.Release|iPhone.ActiveCfg = Release|Any CPU
		{75E66055-D1B4-482C-AABC-A35DE70DE16C}.Release|iPhone.Build.0 = Release|Any CPU
		{75E66055-D1B4-482C-AABC-A35DE70DE16C}.Release|iPhoneSimulator.ActiveCfg = Release|Any CPU
		{75E66055-D1B4-482C-AABC-A35DE70DE16C}.Release|iPhoneSimulator.Build.0 = Release|Any CPU
	EndGlobalSection
	GlobalSection(SolutionProperties) = preSolution
		HideSolutionNode = FALSE
	EndGlobalSection
EndGlobal
